
Microsoft Visual Studio Solution File, Format Version 12.00
# Visual Studio 15
VisualStudioVersion = 15.0.28307.271
MinimumVisualStudioVersion = 10.0.40219.1
Project("{FAE04EC0-301F-11D3-BF4B-00C04F79EFBC}") = "ProjectManager", "ProjectManager\ProjectManager.csproj", "{44A1861A-249D-4EC3-9665-88F7CBA7EA06}"
EndProject
Project("{FAE04EC0-301F-11D3-BF4B-00C04F79EFBC}") = "MyProjectManagerTest", "MyProjectManagerTest\MyProjectManagerTest.csproj", "{F411B96E-96F1-422A-951F-E466014194F4}"
EndProject
Global
	GlobalSection(SolutionConfigurationPlatforms) = preSolution
		Debug|Any CPU = Debug|Any CPU
		Release|Any CPU = Release|Any CPU
	EndGlobalSection
	GlobalSection(ProjectConfigurationPlatforms) = postSolution
		{44A1861A-249D-4EC3-9665-88F7CBA7EA06}.Debug|Any CPU.ActiveCfg = Debug|Any CPU
		{44A1861A-249D-4EC3-9665-88F7CBA7EA06}.Debug|Any CPU.Build.0 = Debug|Any CPU
		{44A1861A-249D-4EC3-9665-88F7CBA7EA06}.Release|Any CPU.ActiveCfg = Release|Any CPU
		{44A1861A-249D-4EC3-9665-88F7CBA7EA06}.Release|Any CPU.Build.0 = Release|Any CPU
		{F411B96E-96F1-422A-951F-E466014194F4}.Debug|Any CPU.ActiveCfg = Debug|Any CPU
		{F411B96E-96F1-422A-951F-E466014194F4}.Debug|Any CPU.Build.0 = Debug|Any CPU
		{F411B96E-96F1-422A-951F-E466014194F4}.Release|Any CPU.ActiveCfg = Release|Any CPU
		{F411B96E-96F1-422A-951F-E466014194F4}.Release|Any CPU.Build.0 = Release|Any CPU
	EndGlobalSection
	GlobalSection(SolutionProperties) = preSolution
		HideSolutionNode = FALSE
	EndGlobalSection
	GlobalSection(ExtensibilityGlobals) = postSolution
		SolutionGuid = {EF93B505-994B-4D9A-B943-BAF69C811097}
	EndGlobalSection
EndGlobal
